
Microsoft Visual Studio Solution File, Format Version 10.00
# Visual Studio 2008
Project("{8BC9CEB8-8B4A-11D0-8D11-00A0C91BC942}") = "NeheMFC", "NeheMFC_Dialog.vcproj", "{FC8671F3-EA41-457F-9055-5988592E9C83}"
EndProject
Global
	GlobalSection(SolutionConfigurationPlatforms) = preSolution
		Debug|Win32 = Debug|Win32
		Release|Win32 = Release|Win32
	EndGlobalSection
	GlobalSection(ProjectConfigurationPlatforms) = postSolution
		{FC8671F3-EA41-457F-9055-5988592E9C83}.Debug|Win32.ActiveCfg = Debug|Win32
		{FC8671F3-EA41-457F-9055-5988592E9C83}.Debug|Win32.Build.0 = Debug|Win32
		{FC8671F3-EA41-457F-9055-5988592E9C83}.Release|Win32.ActiveCfg = Release|Win32
		{FC8671F3-EA41-457F-9055-5988592E9C83}.Release|Win32.Build.0 = Release|Win32
	EndGlobalSection
	GlobalSection(SolutionProperties) = preSolution
		HideSolutionNode = FALSE
	EndGlobalSection
EndGlobal
